{
  "lockfileVersion": 1,
  "configVersion": 0,
  "workspaces": {
    "": {
      "name": "server",
      "dependencies": {
        "@aws-sdk/client-s3": "^3.1045.0",
        "@aws-sdk/s3-request-presigner": "^3.1045.0",
        "@logtape/file": "^2.0.7",
        "@logtape/logtape": "^2.0.7",
        "@panva/jose": "npm:@jsr/panva__jose",
        "drizzle-orm": "^1.0.0-beta.22",
        "zod": "^4.4.3",
      },
      "devDependencies": {
        "@types/bun": "^1.3.13",
        "drizzle-kit": "^1.0.0-beta.22",
      },
      "peerDependencies": {
        "typescript": "^6.0.3",
      },
    },
  },
  "packages": {
    "@aws-crypto/crc32": ["@aws-crypto/crc32@5.2.0", "", { "dependencies": { "@aws-crypto/util": "^5.2.0", "@aws-sdk/types": "^3.222.0", "tslib": "^2.6.2" } }, "sha512-nLbCWqQNgUiwwtFsen1AdzAtvuLRsQS8rYgMuxCrdKf9kOssamGLuPwyTY9wyYblNr9+1XM8v6zoDTPPSIeANg=="],

    "@aws-crypto/crc32c": ["@aws-crypto/crc32c@5.2.0", "", { "dependencies": { "@aws-crypto/util": "^5.2.0", "@aws-sdk/types": "^3.222.0", "tslib": "^2.6.2" } }, "sha512-+iWb8qaHLYKrNvGRbiYRHSdKRWhto5XlZUEBwDjYNf+ly5SVYG6zEoYIdxvf5R3zyeP16w4PLBn3rH1xc74Rag=="],

    "@aws-crypto/sha1-browser": ["@aws-crypto/sha1-browser@5.2.0", "", { "dependencies": { "@aws-crypto/supports-web-crypto": "^5.2.0", "@aws-crypto/util": "^5.2.0", "@aws-sdk/types": "^3.222.0", "@aws-sdk/util-locate-window": "^3.0.0", "@smithy/util-utf8": "^2.0.0", "tslib": "^2.6.2" } }, "sha512-OH6lveCFfcDjX4dbAvCFSYUjJZjDr/3XJ3xHtjn3Oj5b9RjojQo8npoLeA/bNwkOkrSQ0wgrHzXk4tDRxGKJeg=="],

    "@aws-crypto/sha256-browser": ["@aws-crypto/sha256-browser@5.2.0", "", { "dependencies": { "@aws-crypto/sha256-js": "^5.2.0", "@aws-crypto/supports-web-crypto": "^5.2.0", "@aws-crypto/util": "^5.2.0", "@aws-sdk/types": "^3.222.0", "@aws-sdk/util-locate-window": "^3.0.0", "@smithy/util-utf8": "^2.0.0", "tslib": "^2.6.2" } }, "sha512-AXfN/lGotSQwu6HNcEsIASo7kWXZ5HYWvfOmSNKDsEqC4OashTp8alTmaz+F7TC2L083SFv5RdB+qU3Vs1kZqw=="],

    "@aws-crypto/sha256-js": ["@aws-crypto/sha256-js@5.2.0", "", { "dependencies": { "@aws-crypto/util": "^5.2.0", "@aws-sdk/types": "^3.222.0", "tslib": "^2.6.2" } }, "sha512-FFQQyu7edu4ufvIZ+OadFpHHOt+eSTBaYaki44c+akjg7qZg9oOQeLlk77F6tSYqjDAFClrHJk9tMf0HdVyOvA=="],

    "@aws-crypto/supports-web-crypto": ["@aws-crypto/supports-web-crypto@5.2.0", "", { "dependencies": { "tslib": "^2.6.2" } }, "sha512-iAvUotm021kM33eCdNfwIN//F77/IADDSs58i+MDaOqFrVjZo9bAal0NK7HurRuWLLpF1iLX7gbWrjHjeo+YFg=="],

    "@aws-crypto/util": ["@aws-crypto/util@5.2.0", "", { "dependencies": { "@aws-sdk/types": "^3.222.0", "@smithy/util-utf8": "^2.0.0", "tslib": "^2.6.2" } }, "sha512-4RkU9EsI6ZpBve5fseQlGNUWKMa1RLPQ1dnjnQoe07ldfIzcsGb5hC5W0Dm7u423KWzawlrpbjXBrXCEv9zazQ=="],

    "@aws-sdk/client-s3": ["@aws-sdk/client-s3@3.1051.0", "", { "dependencies": { "@aws-crypto/sha1-browser": "5.2.0", "@aws-crypto/sha256-browser": "5.2.0", "@aws-crypto/sha256-js": "5.2.0", "@aws-sdk/core": "^3.974.12", "@aws-sdk/credential-provider-node": "^3.972.43", "@aws-sdk/middleware-bucket-endpoint": "^3.972.14", "@aws-sdk/middleware-expect-continue": "^3.972.12", "@aws-sdk/middleware-flexible-checksums": "^3.974.20", "@aws-sdk/middleware-location-constraint": "^3.972.10", "@aws-sdk/middleware-sdk-s3": "^3.972.41", "@aws-sdk/middleware-ssec": "^3.972.10", "@aws-sdk/signature-v4-multi-region": "^3.996.27", "@aws-sdk/types": "^3.973.8", "@smithy/core": "^3.24.2", "@smithy/fetch-http-handler": "^5.4.2", "@smithy/node-http-handler": "^4.7.2", "@smithy/types": "^4.14.1", "tslib": "^2.6.2" } }, "sha512-0Yhq7AMw2te5YtxDHkm2KKpXF8IccOO4nmCsp12EzYB/e3IKQ73NHH4jA2ki8mQwvAQzFGB+1GoycT00U8sZCg=="],

    "@aws-sdk/core": ["@aws-sdk/core@3.974.12", "", { "dependencies": { "@aws-sdk/types": "^3.973.8", "@aws-sdk/xml-builder": "^3.972.24", "@aws/lambda-invoke-store": "^0.2.2", "@smithy/core": "^3.24.2", "@smithy/signature-v4": "^5.4.2", "@smithy/types": "^4.14.1", "bowser": "^2.11.0", "tslib": "^2.6.2" } }, "sha512-qrqgioqYFjwR6LatVNS1L2Vk++EwRIxqSQXPKNv5Ofux2D8UNgqMQ1znnMyEImXquVPTtbf71fc128pvmU6y9A=="],

    "@aws-sdk/crc64-nvme": ["@aws-sdk/crc64-nvme@3.972.8", "", { "dependencies": { "@smithy/types": "^4.14.1", "tslib": "^2.6.2" } }, "sha512-fVfUCL/Xh2zINYMPZvj+iBn6XWouQf0DAnjaWCI9MkmqXzL2Iy5FoQB8O7syFe6gN6AH1ecDDU58T51Ou0kFkA=="],

    "@aws-sdk/credential-provider-env": ["@aws-sdk/credential-provider-env@3.972.38", "", { "dependencies": { "@aws-sdk/core": "^3.974.12", "@aws-sdk/types": "^3.973.8", "@smithy/core": "^3.24.2", "@smithy/types": "^4.14.1", "tslib": "^2.6.2" } }, "sha512-m3WjZEgPtioMhPmwqUt+DhlTJ2i9ufR6DhfkyXojb9puEvfR+ur2U5shavu5/Cc9WHHsDCvALi6UFHgcqjhQ5w=="],

    "@aws-sdk/credential-provider-http": ["@aws-sdk/credential-provider-http@3.972.40", "", { "dependencies": { "@aws-sdk/core": "^3.974.12", "@aws-sdk/types": "^3.973.8", "@smithy/core": "^3.24.2", "@smithy/fetch-http-handler": "^5.4.2", "@smithy/node-http-handler": "^4.7.2", "@smithy/types": "^4.14.1", "tslib": "^2.6.2" } }, "sha512-D78L/m2Dr6cJnnSvWoAudPhQmCwmJ7j6APXsPYmFpPaKfQTfCSu0rdm8j14Np+VmXF9z8Aj8HE3xFpsrwtfgeg=="],

    "@aws-sdk/credential-provider-ini": ["@aws-sdk/credential-provider-ini@3.972.42", "", { "dependencies": { "@aws-sdk/core": "^3.974.12", "@aws-sdk/credential-provider-env": "^3.972.38", "@aws-sdk/credential-provider-http": "^3.972.40", "@aws-sdk/credential-provider-login": "^3.972.42", "@aws-sdk/credential-provider-process": "^3.972.38", "@aws-sdk/credential-provider-sso": "^3.972.42", "@aws-sdk/credential-provider-web-identity": "^3.972.42", "@aws-sdk/nested-clients": "^3.997.10", "@aws-sdk/types": "^3.973.8", "@smithy/core": "^3.24.2", "@smithy/credential-provider-imds": "^4.3.2", "@smithy/types": "^4.14.1", "tslib": "^2.6.2" } }, "sha512-Mu5ESvFXeinafVM8jTIvRqcvK2Ehj4kz3auT39yUcHwu1Vfxo6xRlmUafdKLW4tusjAJukQwK09sCSMgOm7OKg=="],

    "@aws-sdk/credential-provider-login": ["@aws-sdk/credential-provider-login@3.972.42", "", { "dependencies": { "@aws-sdk/core": "^3.974.12", "@aws-sdk/nested-clients": "^3.997.10", "@aws-sdk/types": "^3.973.8", "@smithy/core": "^3.24.2", "@smithy/types": "^4.14.1", "tslib": "^2.6.2" } }, "sha512-O6WkZga3kf0yqyJYd1dbeJqVhEgJx/x1UaLgtbR+XuL/YP+K5y6QTxQKL7ka9z3jnQASESKGAPnRyt4D5hQrxA=="],

    "@aws-sdk/credential-provider-node": ["@aws-sdk/credential-provider-node@3.972.43", "", { "dependencies": { "@aws-sdk/credential-provider-env": "^3.972.38", "@aws-sdk/credential-provider-http": "^3.972.40", "@aws-sdk/credential-provider-ini": "^3.972.42", "@aws-sdk/credential-provider-process": "^3.972.38", "@aws-sdk/credential-provider-sso": "^3.972.42", "@aws-sdk/credential-provider-web-identity": "^3.972.42", "@aws-sdk/types": "^3.973.8", "@smithy/core": "^3.24.2", "@smithy/credential-provider-imds": "^4.3.2", "@smithy/types": "^4.14.1", "tslib": "^2.6.2" } }, "sha512-D/DJmbrWRP5BXEO3FH+ar4el+2n6OlGofiud7dQun2jES+AQEJjczenp1jBb4MBN7CpGpS8nsWGQLtuzc9tQbA=="],

    "@aws-sdk/credential-provider-process": ["@aws-sdk/credential-provider-process@3.972.38", "", { "dependencies": { "@aws-sdk/core": "^3.974.12", "@aws-sdk/types": "^3.973.8", "@smithy/core": "^3.24.2", "@smithy/types": "^4.14.1", "tslib": "^2.6.2" } }, "sha512-EnbYVajGgbkb24s0K1eo4VNAPV5mHIET7LSvirTaFCwkfrfaOJxtSE+wY/tJdKDS21cEYkZs2ruCaAm+W4iblg=="],

    "@aws-sdk/credential-provider-sso": ["@aws-sdk/credential-provider-sso@3.972.42", "", { "dependencies": { "@aws-sdk/core": "^3.974.12", "@aws-sdk/nested-clients": "^3.997.10", "@aws-sdk/token-providers": "3.1049.0", "@aws-sdk/types": "^3.973.8", "@smithy/core": "^3.24.2", "@smithy/types": "^4.14.1", "tslib": "^2.6.2" } }, "sha512-RVV/9NbFwI8ZHEH5dn39lGyFmSbSVj1+orZdr6QsOe1mW9DCglmlen0cFaNZmCcqkqc7erNRHNBduxbeZuHAnw=="],

    "@aws-sdk/credential-provider-web-identity": ["@aws-sdk/credential-provider-web-identity@3.972.42", "", { "dependencies": { "@aws-sdk/core": "^3.974.12", "@aws-sdk/nested-clients": "^3.997.10", "@aws-sdk/types": "^3.973.8", "@smithy/core": "^3.24.2", "@smithy/types": "^4.14.1", "tslib": "^2.6.2" } }, "sha512-/67fXX0ddllD4u2Nujc5PvT4byHgpMUfz6+RxIKi/0nFIckeorm7JvXgzBuDyVKw0s58EbofmETDWUf9vTEuHQ=="],

    "@aws-sdk/middleware-bucket-endpoint": ["@aws-sdk/middleware-bucket-endpoint@3.972.14", "", { "dependencies": { "@aws-sdk/core": "^3.974.12", "@aws-sdk/types": "^3.973.8", "@smithy/core": "^3.24.2", "@smithy/types": "^4.14.1", "tslib": "^2.6.2" } }, "sha512-Aaj0d+xbo1jJquBWJP0/9V/XZRYukO3LWIRp3dOLHmoFrYKb4YZ0aLefgVHfGcNOVBS2ZTq7L/n5JcrE7DaC+Q=="],

    "@aws-sdk/middleware-expect-continue": ["@aws-sdk/middleware-expect-continue@3.972.12", "", { "dependencies": { "@aws-sdk/types": "^3.973.8", "@smithy/core": "^3.24.2", "@smithy/types": "^4.14.1", "tslib": "^2.6.2" } }, "sha512-dA5pKTom/Ls9mgeyeaRBNQrRIVOLVjv4AmKOB0/e4yaiXEUy0gSz2d3liP8JHtYoCAEWySU1jWnyzwLOREN+4g=="],

    "@aws-sdk/middleware-flexible-checksums": ["@aws-sdk/middleware-flexible-checksums@3.974.20", "", { "dependencies": { "@aws-crypto/crc32": "5.2.0", "@aws-crypto/crc32c": "5.2.0", "@aws-crypto/util": "5.2.0", "@aws-sdk/core": "^3.974.12", "@aws-sdk/crc64-nvme": "^3.972.8", "@aws-sdk/types": "^3.973.8", "@smithy/core": "^3.24.2", "@smithy/types": "^4.14.1", "tslib": "^2.6.2" } }, "sha512-NdnMVQCR1YjIcqFAiNLdBiOwr2DyQDB2IiXQrBhzolKOv32ae4d4Ll7IzLMi04eMHiq/o/Y/GjFuVjF9HuG0QA=="],

    "@aws-sdk/middleware-location-constraint": ["@aws-sdk/middleware-location-constraint@3.972.10", "", { "dependencies": { "@aws-sdk/types": "^3.973.8", "@smithy/types": "^4.14.1", "tslib": "^2.6.2" } }, "sha512-rI3NZvJcEvjoD0+0PI0iUAwlPw2IlSlhyvgBK/3WkKJQE/YiKFedd9dMN2lVacdNxPNhxL/jzQaKQdrGtQagjQ=="],

    "@aws-sdk/middleware-sdk-s3": ["@aws-sdk/middleware-sdk-s3@3.972.41", "", { "dependencies": { "@aws-sdk/core": "^3.974.12", "@aws-sdk/signature-v4-multi-region": "^3.996.27", "@aws-sdk/types": "^3.973.8", "@smithy/core": "^3.24.2", "@smithy/signature-v4": "^5.4.2", "@smithy/types": "^4.14.1", "tslib": "^2.6.2" } }, "sha512-M4T2I2WPuH5WQpU8Tsp+u2bcO29zGRkU14ATzuqb9I4xh8tzsLqtp4hzaJM5aO2dhMZnHDzyQwSFVgc3XbnoGg=="],

    "@aws-sdk/middleware-ssec": ["@aws-sdk/middleware-ssec@3.972.10", "", { "dependencies": { "@aws-sdk/types": "^3.973.8", "@smithy/types": "^4.14.1", "tslib": "^2.6.2" } }, "sha512-Gli9A0u8EVVb+5bFDGS/QbSVg28w/wpEidg1ggVcSj65BDTdGR6punsOcVjqdiu1i42WHWo51MCvARPIIz9juw=="],

    "@aws-sdk/nested-clients": ["@aws-sdk/nested-clients@3.997.10", "", { "dependencies": { "@aws-crypto/sha256-browser": "5.2.0", "@aws-crypto/sha256-js": "5.2.0", "@aws-sdk/core": "^3.974.12", "@aws-sdk/signature-v4-multi-region": "^3.996.27", "@aws-sdk/types": "^3.973.8", "@smithy/core": "^3.24.2", "@smithy/fetch-http-handler": "^5.4.2", "@smithy/node-http-handler": "^4.7.2", "@smithy/types": "^4.14.1", "tslib": "^2.6.2" } }, "sha512-FtQ/Bt327peZJuyo4WZSOLVUTw9ujRxntepiC7L65FxA2P82Xlq0g14T22BuqBUeMjDoxa9nvwiMHjLIfP3eUg=="],

    "@aws-sdk/s3-request-presigner": ["@aws-sdk/s3-request-presigner@3.1051.0", "", { "dependencies": { "@aws-sdk/core": "^3.974.12", "@aws-sdk/signature-v4-multi-region": "^3.996.27", "@aws-sdk/types": "^3.973.8", "@smithy/core": "^3.24.2", "@smithy/types": "^4.14.1", "tslib": "^2.6.2" } }, "sha512-9ZULJHf5IAObmqtg2XhiufMmgEl+aM9jlRog2V9qbICeSOgDCHekmlRxF9FuqZKMqrpLzGtJPDbd8gGAHJZv/A=="],

    "@aws-sdk/signature-v4-multi-region": ["@aws-sdk/signature-v4-multi-region@3.996.27", "", { "dependencies": { "@aws-sdk/types": "^3.973.8", "@smithy/core": "^3.24.2", "@smithy/signature-v4": "^5.4.2", "@smithy/types": "^4.14.1", "tslib": "^2.6.2" } }, "sha512-0Phbz4t6HI3D3skxvG2uI+VWU034/nSIw1T8d+FPzzQG9EQTrw94o9mOKO2Gv3n3Oc8P7JD7RAUxkoneLWv5Eg=="],

    "@aws-sdk/token-providers": ["@aws-sdk/token-providers@3.1049.0", "", { "dependencies": { "@aws-sdk/core": "^3.974.12", "@aws-sdk/nested-clients": "^3.997.10", "@aws-sdk/types": "^3.973.8", "@smithy/core": "^3.24.2", "@smithy/types": "^4.14.1", "tslib": "^2.6.2" } }, "sha512-r7+d0lQMTHKypkmaF5jRTBYLYHCUHzt3gaVoN9SidLhQeWhCmHk3AKrboDTpPF5b7Pt7vKu3+oeMjznM2Eu1ow=="],

    "@aws-sdk/types": ["@aws-sdk/types@3.973.8", "", { "dependencies": { "@smithy/types": "^4.14.1", "tslib": "^2.6.2" } }, "sha512-gjlAdtHMbtR9X5iIhVUvbVcy55KnznpC6bkDUWW9z915bi0ckdUr5cjf16Kp6xq0bP5HBD2xzgbL9F9Quv5vUw=="],

    "@aws-sdk/util-locate-window": ["@aws-sdk/util-locate-window@3.723.0", "", { "dependencies": { "tslib": "^2.6.2" } }, "sha512-Yf2CS10BqK688DRsrKI/EO6B8ff5J86NXe4C+VCysK7UOgN0l1zOTeTukZ3H8Q9tYYX3oaF1961o8vRkFm7Nmw=="],

    "@aws-sdk/xml-builder": ["@aws-sdk/xml-builder@3.972.24", "", { "dependencies": { "@nodable/entities": "2.1.0", "@smithy/types": "^4.14.1", "fast-xml-parser": "5.7.3", "tslib": "^2.6.2" } }, "sha512-V8z5YcDPfsvzrBlj0xR1vhRtocblhYbqdreCJB/voGd4Sr5zjNAeWxexbnqVtskTJe0vFb5KMqbSL++ePl+zRw=="],

    "@aws/lambda-invoke-store": ["@aws/lambda-invoke-store@0.2.3", "", {}, "sha512-oLvsaPMTBejkkmHhjf09xTgk71mOqyr/409NKhRIL08If7AhVfUsJhVsx386uJaqNd42v9kWamQ9lFbkoC2dYw=="],

    "@drizzle-team/brocli": ["@drizzle-team/brocli@0.11.0", "", {}, "sha512-hD3pekGiPg0WPCCGAZmusBBJsDqGUR66Y452YgQsZOnkdQ7ViEPKuyP4huUGEZQefp8g34RRodXYmJ2TbCH+tg=="],

    "@esbuild/aix-ppc64": ["@esbuild/aix-ppc64@0.25.12", "", { "os": "aix", "cpu": "ppc64" }, "sha512-Hhmwd6CInZ3dwpuGTF8fJG6yoWmsToE+vYgD4nytZVxcu1ulHpUQRAB1UJ8+N1Am3Mz4+xOByoQoSZf4D+CpkA=="],

    "@esbuild/android-arm": ["@esbuild/android-arm@0.25.12", "", { "os": "android", "cpu": "arm" }, "sha512-VJ+sKvNA/GE7Ccacc9Cha7bpS8nyzVv0jdVgwNDaR4gDMC/2TTRc33Ip8qrNYUcpkOHUT5OZ0bUcNNVZQ9RLlg=="],

    "@esbuild/android-arm64": ["@esbuild/android-arm64@0.25.12", "", { "os": "android", "cpu": "arm64" }, "sha512-6AAmLG7zwD1Z159jCKPvAxZd4y/VTO0VkprYy+3N2FtJ8+BQWFXU+OxARIwA46c5tdD9SsKGZ/1ocqBS/gAKHg=="],

    "@esbuild/android-x64": ["@esbuild/android-x64@0.25.12", "", { "os": "android", "cpu": "x64" }, "sha512-5jbb+2hhDHx5phYR2By8GTWEzn6I9UqR11Kwf22iKbNpYrsmRB18aX/9ivc5cabcUiAT/wM+YIZ6SG9QO6a8kg=="],

    "@esbuild/darwin-arm64": ["@esbuild/darwin-arm64@0.25.12", "", { "os": "darwin", "cpu": "arm64" }, "sha512-N3zl+lxHCifgIlcMUP5016ESkeQjLj/959RxxNYIthIg+CQHInujFuXeWbWMgnTo4cp5XVHqFPmpyu9J65C1Yg=="],

    "@esbuild/darwin-x64": ["@esbuild/darwin-x64@0.25.12", "", { "os": "darwin", "cpu": "x64" }, "sha512-HQ9ka4Kx21qHXwtlTUVbKJOAnmG1ipXhdWTmNXiPzPfWKpXqASVcWdnf2bnL73wgjNrFXAa3yYvBSd9pzfEIpA=="],

    "@esbuild/freebsd-arm64": ["@esbuild/freebsd-arm64@0.25.12", "", { "os": "freebsd", "cpu": "arm64" }, "sha512-gA0Bx759+7Jve03K1S0vkOu5Lg/85dou3EseOGUes8flVOGxbhDDh/iZaoek11Y8mtyKPGF3vP8XhnkDEAmzeg=="],

    "@esbuild/freebsd-x64": ["@esbuild/freebsd-x64@0.25.12", "", { "os": "freebsd", "cpu": "x64" }, "sha512-TGbO26Yw2xsHzxtbVFGEXBFH0FRAP7gtcPE7P5yP7wGy7cXK2oO7RyOhL5NLiqTlBh47XhmIUXuGciXEqYFfBQ=="],

    "@esbuild/linux-arm": ["@esbuild/linux-arm@0.25.12", "", { "os": "linux", "cpu": "arm" }, "sha512-lPDGyC1JPDou8kGcywY0YILzWlhhnRjdof3UlcoqYmS9El818LLfJJc3PXXgZHrHCAKs/Z2SeZtDJr5MrkxtOw=="],

    "@esbuild/linux-arm64": ["@esbuild/linux-arm64@0.25.12", "", { "os": "linux", "cpu": "arm64" }, "sha512-8bwX7a8FghIgrupcxb4aUmYDLp8pX06rGh5HqDT7bB+8Rdells6mHvrFHHW2JAOPZUbnjUpKTLg6ECyzvas2AQ=="],

    "@esbuild/linux-ia32": ["@esbuild/linux-ia32@0.25.12", "", { "os": "linux", "cpu": "ia32" }, "sha512-0y9KrdVnbMM2/vG8KfU0byhUN+EFCny9+8g202gYqSSVMonbsCfLjUO+rCci7pM0WBEtz+oK/PIwHkzxkyharA=="],

    "@esbuild/linux-loong64": ["@esbuild/linux-loong64@0.25.12", "", { "os": "linux", "cpu": "none" }, "sha512-h///Lr5a9rib/v1GGqXVGzjL4TMvVTv+s1DPoxQdz7l/AYv6LDSxdIwzxkrPW438oUXiDtwM10o9PmwS/6Z0Ng=="],

    "@esbuild/linux-mips64el": ["@esbuild/linux-mips64el@0.25.12", "", { "os": "linux", "cpu": "none" }, "sha512-iyRrM1Pzy9GFMDLsXn1iHUm18nhKnNMWscjmp4+hpafcZjrr2WbT//d20xaGljXDBYHqRcl8HnxbX6uaA/eGVw=="],

    "@esbuild/linux-ppc64": ["@esbuild/linux-ppc64@0.25.12", "", { "os": "linux", "cpu": "ppc64" }, "sha512-9meM/lRXxMi5PSUqEXRCtVjEZBGwB7P/D4yT8UG/mwIdze2aV4Vo6U5gD3+RsoHXKkHCfSxZKzmDssVlRj1QQA=="],

    "@esbuild/linux-riscv64": ["@esbuild/linux-riscv64@0.25.12", "", { "os": "linux", "cpu": "none" }, "sha512-Zr7KR4hgKUpWAwb1f3o5ygT04MzqVrGEGXGLnj15YQDJErYu/BGg+wmFlIDOdJp0PmB0lLvxFIOXZgFRrdjR0w=="],

    "@esbuild/linux-s390x": ["@esbuild/linux-s390x@0.25.12", "", { "os": "linux", "cpu": "s390x" }, "sha512-MsKncOcgTNvdtiISc/jZs/Zf8d0cl/t3gYWX8J9ubBnVOwlk65UIEEvgBORTiljloIWnBzLs4qhzPkJcitIzIg=="],

    "@esbuild/linux-x64": ["@esbuild/linux-x64@0.25.12", "", { "os": "linux", "cpu": "x64" }, "sha512-uqZMTLr/zR/ed4jIGnwSLkaHmPjOjJvnm6TVVitAa08SLS9Z0VM8wIRx7gWbJB5/J54YuIMInDquWyYvQLZkgw=="],

    "@esbuild/netbsd-arm64": ["@esbuild/netbsd-arm64@0.25.12", "", { "os": "none", "cpu": "arm64" }, "sha512-xXwcTq4GhRM7J9A8Gv5boanHhRa/Q9KLVmcyXHCTaM4wKfIpWkdXiMog/KsnxzJ0A1+nD+zoecuzqPmCRyBGjg=="],

    "@esbuild/netbsd-x64": ["@esbuild/netbsd-x64@0.25.12", "", { "os": "none", "cpu": "x64" }, "sha512-Ld5pTlzPy3YwGec4OuHh1aCVCRvOXdH8DgRjfDy/oumVovmuSzWfnSJg+VtakB9Cm0gxNO9BzWkj6mtO1FMXkQ=="],

    "@esbuild/openbsd-arm64": ["@esbuild/openbsd-arm64@0.25.12", "", { "os": "openbsd", "cpu": "arm64" }, "sha512-fF96T6KsBo/pkQI950FARU9apGNTSlZGsv1jZBAlcLL1MLjLNIWPBkj5NlSz8aAzYKg+eNqknrUJ24QBybeR5A=="],

    "@esbuild/openbsd-x64": ["@esbuild/openbsd-x64@0.25.12", "", { "os": "openbsd", "cpu": "x64" }, "sha512-MZyXUkZHjQxUvzK7rN8DJ3SRmrVrke8ZyRusHlP+kuwqTcfWLyqMOE3sScPPyeIXN/mDJIfGXvcMqCgYKekoQw=="],

    "@esbuild/openharmony-arm64": ["@esbuild/openharmony-arm64@0.25.12", "", { "os": "none", "cpu": "arm64" }, "sha512-rm0YWsqUSRrjncSXGA7Zv78Nbnw4XL6/dzr20cyrQf7ZmRcsovpcRBdhD43Nuk3y7XIoW2OxMVvwuRvk9XdASg=="],

    "@esbuild/sunos-x64": ["@esbuild/sunos-x64@0.25.12", "", { "os": "sunos", "cpu": "x64" }, "sha512-3wGSCDyuTHQUzt0nV7bocDy72r2lI33QL3gkDNGkod22EsYl04sMf0qLb8luNKTOmgF/eDEDP5BFNwoBKH441w=="],

    "@esbuild/win32-arm64": ["@esbuild/win32-arm64@0.25.12", "", { "os": "win32", "cpu": "arm64" }, "sha512-rMmLrur64A7+DKlnSuwqUdRKyd3UE7oPJZmnljqEptesKM8wx9J8gx5u0+9Pq0fQQW8vqeKebwNXdfOyP+8Bsg=="],

    "@esbuild/win32-ia32": ["@esbuild/win32-ia32@0.25.12", "", { "os": "win32", "cpu": "ia32" }, "sha512-HkqnmmBoCbCwxUKKNPBixiWDGCpQGVsrQfJoVGYLPT41XWF8lHuE5N6WhVia2n4o5QK5M4tYr21827fNhi4byQ=="],

    "@esbuild/win32-x64": ["@esbuild/win32-x64@0.25.12", "", { "os": "win32", "cpu": "x64" }, "sha512-alJC0uCZpTFrSL0CCDjcgleBXPnCrEAhTBILpeAp7M/OFgoqtAetfBzX0xM00MUsVVPpVjlPuMbREqnZCXaTnA=="],

    "@js-temporal/polyfill": ["@js-temporal/polyfill@0.5.1", "", { "dependencies": { "jsbi": "^4.3.0" } }, "sha512-hloP58zRVCRSpgDxmqCWJNlizAlUgJFqG2ypq79DCvyv9tHjRYMDOcPFjzfl/A1/YxDvRCZz8wvZvmapQnKwFQ=="],

    "@logtape/file": ["@logtape/file@2.1.1", "", { "peerDependencies": { "@logtape/logtape": "^2.1.1" } }, "sha512-AlT69oM1MEe1TV04go9s50/orHxc9n4fPu9MW7P5sG+hH55EDHJALd6D9zTEIm0PP4znR+XgTeml2ANnY2bkNw=="],

    "@logtape/logtape": ["@logtape/logtape@2.1.1", "", {}, "sha512-aULbCqUQGerfOsZ3CMvcKtueKzmdchluXYUd3bIHKmOIS93fx1ko0+hyRQ4flloGZ8EiyRPydZXiy8n1J/eAQA=="],

    "@nodable/entities": ["@nodable/entities@2.1.0", "", {}, "sha512-nyT7T3nbMyBI/lvr6L5TyWbFJAI9FTgVRakNoBqCD+PmID8DzFrrNdLLtHMwMszOtqZa8PAOV24ZqDnQrhQINA=="],

    "@panva/jose": ["@jsr/panva__jose@6.2.3", "https://npm.jsr.io/~/11/@jsr/panva__jose/6.2.3.tgz", {}, "sha512-zqmad2LVSgbK4gXBr6fJzzjnqwe8V9Gd6F/xmsERPgq1STMu5fEnjCdyB72p002OOqrBkMyv6VLe5u2D6fd0Jg=="],

    "@smithy/core": ["@smithy/core@3.24.3", "", { "dependencies": { "@aws-crypto/crc32": "5.2.0", "@smithy/types": "^4.14.2", "tslib": "^2.6.2" } }, "sha512-Ep/7tPamGY8mgESE3LyLKtxJyy6U52WWAqr/3wial47Sj4u3PiIF73AOGI27UyLy9duTkhZbgzodOfLV4TduZg=="],

    "@smithy/credential-provider-imds": ["@smithy/credential-provider-imds@4.3.3", "", { "dependencies": { "@smithy/core": "^3.24.3", "@smithy/types": "^4.14.2", "tslib": "^2.6.2" } }, "sha512-I2Bti0DKFo2IJyN28ijCsx51BAumEYR4/1yZ1FXyBygy9MqbnMqCev4JPth/MbpRfBSRAX35hITSnAdJRo1u5w=="],

    "@smithy/fetch-http-handler": ["@smithy/fetch-http-handler@5.4.3", "", { "dependencies": { "@smithy/core": "^3.24.3", "@smithy/types": "^4.14.2", "tslib": "^2.6.2" } }, "sha512-F+DRf8IJazRJgYog2A/yJK7eYVc0rqTlRzO+5ZxjJd4WkZoKz0IJRncf7G6t1pdVT3kryJcwuTFhN1c5m6N47A=="],

    "@smithy/is-array-buffer": ["@smithy/is-array-buffer@2.2.0", "", { "dependencies": { "tslib": "^2.6.2" } }, "sha512-GGP3O9QFD24uGeAXYUjwSTXARoqpZykHadOmA8G5vfJPK0/DC67qa//0qvqrJzL1xc8WQWX7/yc7fwudjPHPhA=="],

    "@smithy/node-http-handler": ["@smithy/node-http-handler@4.7.3", "", { "dependencies": { "@smithy/core": "^3.24.3", "@smithy/types": "^4.14.2", "tslib": "^2.6.2" } }, "sha512-/jPhevcTFPMVl6KNjbaI47iOg1zxC7IsnX4PQDGVZKMFceOXtB8IEYaB7a9VvkP/3oC60WzTeKocvSI7vLT0vA=="],

    "@smithy/signature-v4": ["@smithy/signature-v4@5.4.3", "", { "dependencies": { "@smithy/core": "^3.24.3", "@smithy/types": "^4.14.2", "tslib": "^2.6.2" } }, "sha512-53+75QuPl6DL+ct6vVEB51FDO5oulXr20TPV46VvJZg76lIlXNWfxi8j+G2V/t0I2qxCBOa3vX/8bmjrpFVo9g=="],

    "@smithy/types": ["@smithy/types@4.14.1", "", { "dependencies": { "tslib": "^2.6.2" } }, "sha512-59b5HtSVrVR/eYNei3BUj3DCPKD/G7EtDDe7OEJE7i7FtQFugYo6MxbotS8mVJkLNVf8gYaAlEBwwtJ9HzhWSg=="],

    "@smithy/util-buffer-from": ["@smithy/util-buffer-from@2.2.0", "", { "dependencies": { "@smithy/is-array-buffer": "^2.2.0", "tslib": "^2.6.2" } }, "sha512-IJdWBbTcMQ6DA0gdNhh/BwrLkDR+ADW5Kr1aZmd4k3DIF6ezMV4R2NIAmT08wQJ3yUK82thHWmC/TnK/wpMMIA=="],

    "@smithy/util-utf8": ["@smithy/util-utf8@2.3.0", "", { "dependencies": { "@smithy/util-buffer-from": "^2.2.0", "tslib": "^2.6.2" } }, "sha512-R8Rdn8Hy72KKcebgLiv8jQcQkXoLMOGGv5uI1/k0l+snqkOzQ1R0ChUBCxWMlBsFMekWjq0wRudIweFs7sKT5A=="],

    "@types/bun": ["@types/bun@1.3.14", "", { "dependencies": { "bun-types": "1.3.14" } }, "sha512-h1hFqFVcvAvD9j9K7ZW7vd82aSA+rTdznZa+5bwvCwqSB1jmmfLcbIWhOLx1/+boy/xmjgCs/OMUL8hRJSmnPw=="],

    "@types/node": ["@types/node@22.15.3", "", { "dependencies": { "undici-types": "~6.21.0" } }, "sha512-lX7HFZeHf4QG/J7tBZqrCAXwz9J5RD56Y6MpP0eJkka8p+K0RY/yBTW7CYFJ4VGCclxqOLKmiGP5juQc6MKgcw=="],

    "bowser": ["bowser@2.11.0", "", {}, "sha512-AlcaJBi/pqqJBIQ8U9Mcpc9i8Aqxn88Skv5d+xBX006BY5u8N3mGLHa5Lgppa7L/HfwgwLgZ6NYs+Ag6uUmJRA=="],

    "bun-types": ["bun-types@1.3.14", "", { "dependencies": { "@types/node": "*" } }, "sha512-4N0ig0fEomHt5R0KCFWjovxow98rIoRwKolrYdCcknNwMekCXRnWEUvgu5soYV8QXtVsrUD8B95MBOZGPvr6KQ=="],

    "drizzle-kit": ["drizzle-kit@1.0.0-rc.4-5d5b77c", "", { "dependencies": { "@drizzle-team/brocli": "^0.11.0", "@js-temporal/polyfill": "^0.5.1", "esbuild": "^0.25.10", "get-tsconfig": "^4.13.6", "jiti": "^2.6.1" }, "bin": { "drizzle-kit": "bin.cjs" } }, "sha512-cDQOQXacxeaQl0Ib18EfPwVMyfvvybuOBj/f/WclmuGZtxHOTOMTpJ/3qEpoXe8+lCDRagCpS3w1wYQyUmT9wg=="],

    "drizzle-orm": ["drizzle-orm@1.0.0-rc.4-5d5b77c", "", { "peerDependencies": { "@aws-sdk/client-rds-data": ">=3", "@cloudflare/workers-types": ">=4", "@effect/sql-pg": ">=4.0.0-beta.58 || >=4.0.0", "@electric-sql/pglite": ">=0.2.0", "@libsql/client": ">=0.10.0", "@libsql/client-wasm": ">=0.10.0", "@neondatabase/serverless": ">=0.10.0", "@op-engineering/op-sqlite": ">=2", "@opentelemetry/api": "^1.4.1", "@planetscale/database": ">=1.13", "@sinclair/typebox": ">=0.34.8", "@sqlitecloud/drivers": ">=1.0.653", "@tidbcloud/serverless": "*", "@tursodatabase/database": ">=0.2.1", "@tursodatabase/database-common": ">=0.2.1", "@tursodatabase/database-wasm": ">=0.2.1", "@types/better-sqlite3": "*", "@types/mssql": "^9.1.4", "@types/pg": "*", "@types/sql.js": "*", "@upstash/redis": ">=1.34.7", "@vercel/postgres": ">=0.8.0", "@xata.io/client": "*", "arktype": ">=2.0.0", "better-sqlite3": ">=9.3.0", "bun-types": "*", "effect": ">=4.0.0-beta.58 || >=4.0.0", "expo-sqlite": ">=14.0.0", "mssql": "^11.0.1", "mysql2": ">=2", "pg": ">=8", "postgres": ">=3", "sql.js": ">=1", "sqlite3": ">=5", "typebox": ">=1.0.0", "valibot": ">=1.0.0-beta.7", "zod": "^3.25.0 || ^4.0.0" }, "optionalPeers": ["@aws-sdk/client-rds-data", "@cloudflare/workers-types", "@effect/sql-pg", "@electric-sql/pglite", "@libsql/client", "@libsql/client-wasm", "@neondatabase/serverless", "@op-engineering/op-sqlite", "@opentelemetry/api", "@planetscale/database", "@sinclair/typebox", "@sqlitecloud/drivers", "@tidbcloud/serverless", "@tursodatabase/database", "@tursodatabase/database-common", "@tursodatabase/database-wasm", "@types/better-sqlite3", "@types/mssql", "@types/pg", "@types/sql.js", "@upstash/redis", "@vercel/postgres", "@xata.io/client", "arktype", "better-sqlite3", "bun-types", "effect", "expo-sqlite", "mssql", "mysql2", "pg", "postgres", "sql.js", "sqlite3", "typebox", "valibot", "zod"] }, "sha512-Oq9W4B11PracWY9cuCLTFT+JA5kXqR6rBmWcM8oh0xwLgCviVl9wh6ZuWX7Zpv1Jir/8W+M37syvjSYtj1f5iA=="],

    "esbuild": ["esbuild@0.25.12", "", { "optionalDependencies": { "@esbuild/aix-ppc64": "0.25.12", "@esbuild/android-arm": "0.25.12", "@esbuild/android-arm64": "0.25.12", "@esbuild/android-x64": "0.25.12", "@esbuild/darwin-arm64": "0.25.12", "@esbuild/darwin-x64": "0.25.12", "@esbuild/freebsd-arm64": "0.25.12", "@esbuild/freebsd-x64": "0.25.12", "@esbuild/linux-arm": "0.25.12", "@esbuild/linux-arm64": "0.25.12", "@esbuild/linux-ia32": "0.25.12", "@esbuild/linux-loong64": "0.25.12", "@esbuild/linux-mips64el": "0.25.12", "@esbuild/linux-ppc64": "0.25.12", "@esbuild/linux-riscv64": "0.25.12", "@esbuild/linux-s390x": "0.25.12", "@esbuild/linux-x64": "0.25.12", "@esbuild/netbsd-arm64": "0.25.12", "@esbuild/netbsd-x64": "0.25.12", "@esbuild/openbsd-arm64": "0.25.12", "@esbuild/openbsd-x64": "0.25.12", "@esbuild/openharmony-arm64": "0.25.12", "@esbuild/sunos-x64": "0.25.12", "@esbuild/win32-arm64": "0.25.12", "@esbuild/win32-ia32": "0.25.12", "@esbuild/win32-x64": "0.25.12" }, "bin": { "esbuild": "bin/esbuild" } }, "sha512-bbPBYYrtZbkt6Os6FiTLCTFxvq4tt3JKall1vRwshA3fdVztsLAatFaZobhkBC8/BrPetoa0oksYoKXoG4ryJg=="],

    "fast-xml-builder": ["fast-xml-builder@1.1.9", "", { "dependencies": { "path-expression-matcher": "^1.1.3" } }, "sha512-jcyKVSEX13iseJqg7n/KWw+xnu/7fdrZ333Fac54KjHDIELVCfDDJXYIm6DTJ0Su4gSzrhqiK0DzY/wZbF40mw=="],

    "fast-xml-parser": ["fast-xml-parser@5.7.3", "", { "dependencies": { "@nodable/entities": "^2.1.0", "fast-xml-builder": "^1.1.7", "path-expression-matcher": "^1.5.0", "strnum": "^2.2.3" }, "bin": { "fxparser": "src/cli/cli.js" } }, "sha512-C0AaNuC+mscy6vrAQKAc/rMq+zAPHodfHGZu4sGVehvAQt/JLG1O5zEcYcXSY5zSqr4YVgxsB+pHXTq0i7eDlg=="],

    "get-tsconfig": ["get-tsconfig@4.14.0", "", { "dependencies": { "resolve-pkg-maps": "^1.0.0" } }, "sha512-yTb+8DXzDREzgvYmh6s9vHsSVCHeC0G3PI5bEXNBHtmshPnO+S5O7qgLEOn0I5QvMy6kpZN8K1NKGyilLb93wA=="],

    "jiti": ["jiti@2.7.0", "", { "bin": { "jiti": "lib/jiti-cli.mjs" } }, "sha512-AC/7JofJvZGrrneWNaEnJeOLUx+JlGt7tNa0wZiRPT4MY1wmfKjt2+6O2p2uz2+skll8OZZmJMNqeke7kKbNgQ=="],

    "jsbi": ["jsbi@4.3.2", "", {}, "sha512-9fqMSQbhJykSeii05nxKl4m6Eqn2P6rOlYiS+C5Dr/HPIU/7yZxu5qzbs40tgaFORiw2Amd0mirjxatXYMkIew=="],

    "path-expression-matcher": ["path-expression-matcher@1.5.0", "", {}, "sha512-cbrerZV+6rvdQrrD+iGMcZFEiiSrbv9Tfdkvnusy6y0x0GKBXREFg/Y65GhIfm0tnLntThhzCnfKwp1WRjeCyQ=="],

    "resolve-pkg-maps": ["resolve-pkg-maps@1.0.0", "", {}, "sha512-seS2Tj26TBVOC2NIc2rOe2y2ZO7efxITtLZcGSOnHHNOQ7CkiUBfw0Iw2ck6xkIhPwLhKNLS8BO+hEpngQlqzw=="],

    "strnum": ["strnum@2.3.0", "", {}, "sha512-ums3KNd42PGyx5xaoVTO1mjU1bH3NpY4vsrVlnv9PNGqQj8wd7rJ6nEypLrJ7z5vxK5RP0yMLo6J/Gsm62DI5Q=="],

    "tslib": ["tslib@2.8.1", "", {}, "sha512-oJFu94HQb+KVduSUQL7wnpmqnfmLsOA/nAh6b6EH0wCEoK0/mPeXU6c3wKDV83MkOuHPRHtSXKKU99IBazS/2w=="],

    "typescript": ["typescript@6.0.3", "", { "bin": { "tsc": "bin/tsc", "tsserver": "bin/tsserver" } }, "sha512-y2TvuxSZPDyQakkFRPZHKFm+KKVqIisdg9/CZwm9ftvKXLP8NRWj38/ODjNbr43SsoXqNuAisEf1GdCxqWcdBw=="],

    "undici-types": ["undici-types@6.21.0", "", {}, "sha512-iwDZqg0QAGrg9Rav5H4n0M64c3mkR59cJ6wQp+7C4nI0gsmExaedaYLNO44eT4AtBBwjbTiGPMlt2Md0T9H9JQ=="],

    "zod": ["zod@4.4.3", "", {}, "sha512-ytENFjIJFl2UwYglde2jchW2Hwm4GJFLDiSXWdTrJQBIN9Fcyp7n4DhxJEiWNAJMV1/BqWfW/kkg71UDcHJyTQ=="],

    "@aws-crypto/crc32/@aws-sdk/types": ["@aws-sdk/types@3.775.0", "", { "dependencies": { "@smithy/types": "^4.2.0", "tslib": "^2.6.2" } }, "sha512-ZoGKwa4C9fC9Av6bdfqcW6Ix5ot05F/S4VxWR2nHuMv7hzfmAjTOcUiWT7UR4hM/U0whf84VhDtXN/DWAk52KA=="],

    "@aws-crypto/crc32c/@aws-sdk/types": ["@aws-sdk/types@3.775.0", "", { "dependencies": { "@smithy/types": "^4.2.0", "tslib": "^2.6.2" } }, "sha512-ZoGKwa4C9fC9Av6bdfqcW6Ix5ot05F/S4VxWR2nHuMv7hzfmAjTOcUiWT7UR4hM/U0whf84VhDtXN/DWAk52KA=="],

    "@aws-crypto/sha1-browser/@aws-sdk/types": ["@aws-sdk/types@3.775.0", "", { "dependencies": { "@smithy/types": "^4.2.0", "tslib": "^2.6.2" } }, "sha512-ZoGKwa4C9fC9Av6bdfqcW6Ix5ot05F/S4VxWR2nHuMv7hzfmAjTOcUiWT7UR4hM/U0whf84VhDtXN/DWAk52KA=="],

    "@aws-crypto/sha256-browser/@aws-sdk/types": ["@aws-sdk/types@3.775.0", "", { "dependencies": { "@smithy/types": "^4.2.0", "tslib": "^2.6.2" } }, "sha512-ZoGKwa4C9fC9Av6bdfqcW6Ix5ot05F/S4VxWR2nHuMv7hzfmAjTOcUiWT7UR4hM/U0whf84VhDtXN/DWAk52KA=="],

    "@aws-crypto/sha256-js/@aws-sdk/types": ["@aws-sdk/types@3.775.0", "", { "dependencies": { "@smithy/types": "^4.2.0", "tslib": "^2.6.2" } }, "sha512-ZoGKwa4C9fC9Av6bdfqcW6Ix5ot05F/S4VxWR2nHuMv7hzfmAjTOcUiWT7UR4hM/U0whf84VhDtXN/DWAk52KA=="],

    "@aws-crypto/util/@aws-sdk/types": ["@aws-sdk/types@3.775.0", "", { "dependencies": { "@smithy/types": "^4.2.0", "tslib": "^2.6.2" } }, "sha512-ZoGKwa4C9fC9Av6bdfqcW6Ix5ot05F/S4VxWR2nHuMv7hzfmAjTOcUiWT7UR4hM/U0whf84VhDtXN/DWAk52KA=="],

    "@aws-sdk/core/@smithy/types": ["@smithy/types@4.14.2", "", { "dependencies": { "tslib": "^2.6.2" } }, "sha512-P+otAxbV4CqBybp7EkcJCrig63yE2E7PuNVOmilVMRcx/O+QDzGULTrKsq4DV13gSfak9ObPrWaHl/9bL5YcWw=="],

    "@aws-sdk/crc64-nvme/@smithy/types": ["@smithy/types@4.14.2", "", { "dependencies": { "tslib": "^2.6.2" } }, "sha512-P+otAxbV4CqBybp7EkcJCrig63yE2E7PuNVOmilVMRcx/O+QDzGULTrKsq4DV13gSfak9ObPrWaHl/9bL5YcWw=="],

    "@aws-sdk/credential-provider-env/@smithy/types": ["@smithy/types@4.14.2", "", { "dependencies": { "tslib": "^2.6.2" } }, "sha512-P+otAxbV4CqBybp7EkcJCrig63yE2E7PuNVOmilVMRcx/O+QDzGULTrKsq4DV13gSfak9ObPrWaHl/9bL5YcWw=="],

    "@aws-sdk/credential-provider-http/@smithy/types": ["@smithy/types@4.14.2", "", { "dependencies": { "tslib": "^2.6.2" } }, "sha512-P+otAxbV4CqBybp7EkcJCrig63yE2E7PuNVOmilVMRcx/O+QDzGULTrKsq4DV13gSfak9ObPrWaHl/9bL5YcWw=="],

    "@aws-sdk/credential-provider-ini/@smithy/types": ["@smithy/types@4.14.2", "", { "dependencies": { "tslib": "^2.6.2" } }, "sha512-P+otAxbV4CqBybp7EkcJCrig63yE2E7PuNVOmilVMRcx/O+QDzGULTrKsq4DV13gSfak9ObPrWaHl/9bL5YcWw=="],

    "@aws-sdk/credential-provider-login/@smithy/types": ["@smithy/types@4.14.2", "", { "dependencies": { "tslib": "^2.6.2" } }, "sha512-P+otAxbV4CqBybp7EkcJCrig63yE2E7PuNVOmilVMRcx/O+QDzGULTrKsq4DV13gSfak9ObPrWaHl/9bL5YcWw=="],

    "@aws-sdk/credential-provider-node/@smithy/types": ["@smithy/types@4.14.2", "", { "dependencies": { "tslib": "^2.6.2" } }, "sha512-P+otAxbV4CqBybp7EkcJCrig63yE2E7PuNVOmilVMRcx/O+QDzGULTrKsq4DV13gSfak9ObPrWaHl/9bL5YcWw=="],

    "@aws-sdk/credential-provider-process/@smithy/types": ["@smithy/types@4.14.2", "", { "dependencies": { "tslib": "^2.6.2" } }, "sha512-P+otAxbV4CqBybp7EkcJCrig63yE2E7PuNVOmilVMRcx/O+QDzGULTrKsq4DV13gSfak9ObPrWaHl/9bL5YcWw=="],

    "@aws-sdk/credential-provider-sso/@smithy/types": ["@smithy/types@4.14.2", "", { "dependencies": { "tslib": "^2.6.2" } }, "sha512-P+otAxbV4CqBybp7EkcJCrig63yE2E7PuNVOmilVMRcx/O+QDzGULTrKsq4DV13gSfak9ObPrWaHl/9bL5YcWw=="],

    "@aws-sdk/credential-provider-web-identity/@smithy/types": ["@smithy/types@4.14.2", "", { "dependencies": { "tslib": "^2.6.2" } }, "sha512-P+otAxbV4CqBybp7EkcJCrig63yE2E7PuNVOmilVMRcx/O+QDzGULTrKsq4DV13gSfak9ObPrWaHl/9bL5YcWw=="],

    "@aws-sdk/middleware-bucket-endpoint/@smithy/types": ["@smithy/types@4.14.2", "", { "dependencies": { "tslib": "^2.6.2" } }, "sha512-P+otAxbV4CqBybp7EkcJCrig63yE2E7PuNVOmilVMRcx/O+QDzGULTrKsq4DV13gSfak9ObPrWaHl/9bL5YcWw=="],

    "@aws-sdk/middleware-expect-continue/@smithy/types": ["@smithy/types@4.14.2", "", { "dependencies": { "tslib": "^2.6.2" } }, "sha512-P+otAxbV4CqBybp7EkcJCrig63yE2E7PuNVOmilVMRcx/O+QDzGULTrKsq4DV13gSfak9ObPrWaHl/9bL5YcWw=="],

    "@aws-sdk/middleware-flexible-checksums/@smithy/types": ["@smithy/types@4.14.2", "", { "dependencies": { "tslib": "^2.6.2" } }, "sha512-P+otAxbV4CqBybp7EkcJCrig63yE2E7PuNVOmilVMRcx/O+QDzGULTrKsq4DV13gSfak9ObPrWaHl/9bL5YcWw=="],

    "@aws-sdk/middleware-sdk-s3/@smithy/types": ["@smithy/types@4.14.2", "", { "dependencies": { "tslib": "^2.6.2" } }, "sha512-P+otAxbV4CqBybp7EkcJCrig63yE2E7PuNVOmilVMRcx/O+QDzGULTrKsq4DV13gSfak9ObPrWaHl/9bL5YcWw=="],

    "@aws-sdk/nested-clients/@smithy/types": ["@smithy/types@4.14.2", "", { "dependencies": { "tslib": "^2.6.2" } }, "sha512-P+otAxbV4CqBybp7EkcJCrig63yE2E7PuNVOmilVMRcx/O+QDzGULTrKsq4DV13gSfak9ObPrWaHl/9bL5YcWw=="],

    "@aws-sdk/signature-v4-multi-region/@smithy/types": ["@smithy/types@4.14.2", "", { "dependencies": { "tslib": "^2.6.2" } }, "sha512-P+otAxbV4CqBybp7EkcJCrig63yE2E7PuNVOmilVMRcx/O+QDzGULTrKsq4DV13gSfak9ObPrWaHl/9bL5YcWw=="],

    "@aws-sdk/token-providers/@smithy/types": ["@smithy/types@4.14.2", "", { "dependencies": { "tslib": "^2.6.2" } }, "sha512-P+otAxbV4CqBybp7EkcJCrig63yE2E7PuNVOmilVMRcx/O+QDzGULTrKsq4DV13gSfak9ObPrWaHl/9bL5YcWw=="],

    "@aws-sdk/xml-builder/@smithy/types": ["@smithy/types@4.14.2", "", { "dependencies": { "tslib": "^2.6.2" } }, "sha512-P+otAxbV4CqBybp7EkcJCrig63yE2E7PuNVOmilVMRcx/O+QDzGULTrKsq4DV13gSfak9ObPrWaHl/9bL5YcWw=="],

    "@smithy/core/@smithy/types": ["@smithy/types@4.14.2", "", { "dependencies": { "tslib": "^2.6.2" } }, "sha512-P+otAxbV4CqBybp7EkcJCrig63yE2E7PuNVOmilVMRcx/O+QDzGULTrKsq4DV13gSfak9ObPrWaHl/9bL5YcWw=="],

    "@smithy/credential-provider-imds/@smithy/types": ["@smithy/types@4.14.2", "", { "dependencies": { "tslib": "^2.6.2" } }, "sha512-P+otAxbV4CqBybp7EkcJCrig63yE2E7PuNVOmilVMRcx/O+QDzGULTrKsq4DV13gSfak9ObPrWaHl/9bL5YcWw=="],

    "@smithy/fetch-http-handler/@smithy/types": ["@smithy/types@4.14.2", "", { "dependencies": { "tslib": "^2.6.2" } }, "sha512-P+otAxbV4CqBybp7EkcJCrig63yE2E7PuNVOmilVMRcx/O+QDzGULTrKsq4DV13gSfak9ObPrWaHl/9bL5YcWw=="],

    "@smithy/node-http-handler/@smithy/types": ["@smithy/types@4.14.2", "", { "dependencies": { "tslib": "^2.6.2" } }, "sha512-P+otAxbV4CqBybp7EkcJCrig63yE2E7PuNVOmilVMRcx/O+QDzGULTrKsq4DV13gSfak9ObPrWaHl/9bL5YcWw=="],

    "@smithy/signature-v4/@smithy/types": ["@smithy/types@4.14.2", "", { "dependencies": { "tslib": "^2.6.2" } }, "sha512-P+otAxbV4CqBybp7EkcJCrig63yE2E7PuNVOmilVMRcx/O+QDzGULTrKsq4DV13gSfak9ObPrWaHl/9bL5YcWw=="],

    "@aws-crypto/crc32/@aws-sdk/types/@smithy/types": ["@smithy/types@4.2.0", "", { "dependencies": { "tslib": "^2.6.2" } }, "sha512-7eMk09zQKCO+E/ivsjQv+fDlOupcFUCSC/L2YUPgwhvowVGWbPQHjEFcmjt7QQ4ra5lyowS92SV53Zc6XD4+fg=="],

    "@aws-crypto/crc32c/@aws-sdk/types/@smithy/types": ["@smithy/types@4.2.0", "", { "dependencies": { "tslib": "^2.6.2" } }, "sha512-7eMk09zQKCO+E/ivsjQv+fDlOupcFUCSC/L2YUPgwhvowVGWbPQHjEFcmjt7QQ4ra5lyowS92SV53Zc6XD4+fg=="],

    "@aws-crypto/sha1-browser/@aws-sdk/types/@smithy/types": ["@smithy/types@4.2.0", "", { "dependencies": { "tslib": "^2.6.2" } }, "sha512-7eMk09zQKCO+E/ivsjQv+fDlOupcFUCSC/L2YUPgwhvowVGWbPQHjEFcmjt7QQ4ra5lyowS92SV53Zc6XD4+fg=="],

    "@aws-crypto/sha256-browser/@aws-sdk/types/@smithy/types": ["@smithy/types@4.2.0", "", { "dependencies": { "tslib": "^2.6.2" } }, "sha512-7eMk09zQKCO+E/ivsjQv+fDlOupcFUCSC/L2YUPgwhvowVGWbPQHjEFcmjt7QQ4ra5lyowS92SV53Zc6XD4+fg=="],

    "@aws-crypto/sha256-js/@aws-sdk/types/@smithy/types": ["@smithy/types@4.2.0", "", { "dependencies": { "tslib": "^2.6.2" } }, "sha512-7eMk09zQKCO+E/ivsjQv+fDlOupcFUCSC/L2YUPgwhvowVGWbPQHjEFcmjt7QQ4ra5lyowS92SV53Zc6XD4+fg=="],

    "@aws-crypto/util/@aws-sdk/types/@smithy/types": ["@smithy/types@4.2.0", "", { "dependencies": { "tslib": "^2.6.2" } }, "sha512-7eMk09zQKCO+E/ivsjQv+fDlOupcFUCSC/L2YUPgwhvowVGWbPQHjEFcmjt7QQ4ra5lyowS92SV53Zc6XD4+fg=="],
  }
}
